// !$*UTF8*$!
{
	archiveVersion = 1;
	classes = {
	};
	objectVersion = 48;
	objects = {

/* Begin PBXBuildFile section */
		4618FF031FA1D61E0085FBD8 /* AppDelegate.m in Sources */ = {isa = PBXBuildFile; fileRef = 4618FF021FA1D61E0085FBD8 /* AppDelegate.m */; };
		4618FF061FA1D61F0085FBD8 /* ViewController.m in Sources */ = {isa = PBXBuildFile; fileRef = 4618FF051FA1D61F0085FBD8 /* ViewController.m */; };
		4618FF0E1FA1D61F0085FBD8 /* LaunchScreen.storyboard in Resources */ = {isa = PBXBuildFile; fileRef = 4618FF0C1FA1D61F0085FBD8 /* LaunchScreen.storyboard */; };
		4618FF111FA1D61F0085FBD8 /* main.m in Sources */ = {isa = PBXBuildFile; fileRef = 4618FF101FA1D61F0085FBD8 /* main.m */; };
		4618FF271FA1E4060085FBD8 /* Assets.xcassets in Resources */ = {isa = PBXBuildFile; fileRef = 4618FF261FA1E4060085FBD8 /* Assets.xcassets */; };
		4618FF2D1FA1E4F60085FBD8 /* BaseViewController.m in Sources */ = {isa = PBXBuildFile; fileRef = 4618FF2C1FA1E4F60085FBD8 /* BaseViewController.m */; };
		4618FF301FA1E5200085FBD8 /* FuncClassView.m in Sources */ = {isa = PBXBuildFile; fileRef = 4618FF2F1FA1E5200085FBD8 /* FuncClassView.m */; };
		4618FF351FA1E6B30085FBD8 /* Consts.m in Sources */ = {isa = PBXBuildFile; fileRef = 4618FF341FA1E6B30085FBD8 /* Consts.m */; };
		4618FF381FA1E8C50085FBD8 /* NetManager.m in Sources */ = {isa = PBXBuildFile; fileRef = 4618FF371FA1E8C50085FBD8 /* NetManager.m */; };
		46A6798B1FA2CA4700301590 /* launch.png in Resources */ = {isa = PBXBuildFile; fileRef = 46A6798A1FA2CA4700301590 /* launch.png */; };
		46A679901FA2CFD100301590 /* TitleImageButton.m in Sources */ = {isa = PBXBuildFile; fileRef = 46A6798F1FA2CFD100301590 /* TitleImageButton.m */; };
		46A679961FA2D0D500301590 /* TouchSizeButton.m in Sources */ = {isa = PBXBuildFile; fileRef = 46A679951FA2D0D500301590 /* TouchSizeButton.m */; };
		46A6799D1FA2D2A600301590 /* NSString+ChineseString.m in Sources */ = {isa = PBXBuildFile; fileRef = 46A679971FA2D2A500301590 /* NSString+ChineseString.m */; };
		46A6799E1FA2D2A600301590 /* UIImage+HKEPCircleImage.m in Sources */ = {isa = PBXBuildFile; fileRef = 46A679981FA2D2A500301590 /* UIImage+HKEPCircleImage.m */; };
		46A6799F1FA2D2A600301590 /* UIView+HKEPAnimation.m in Sources */ = {isa = PBXBuildFile; fileRef = 46A679991FA2D2A500301590 /* UIView+HKEPAnimation.m */; };
		46EB098D1FA9C7DF005BDCB6 /* DeviceInfo.m in Sources */ = {isa = PBXBuildFile; fileRef = 46EB098C1FA9C7DF005BDCB6 /* DeviceInfo.m */; };
		8B117EAD1FA221F400A192DC /* HomeViewController.m in Sources */ = {isa = PBXBuildFile; fileRef = 8B117EAC1FA221F400A192DC /* HomeViewController.m */; };
		8B117EB21FA222BA00A192DC /* HomeNavigationController.m in Sources */ = {isa = PBXBuildFile; fileRef = 8B117EB11FA222BA00A192DC /* HomeNavigationController.m */; };
/* End PBXBuildFile section */

/* Begin PBXFileReference section */
		4618FEFE1FA1D61E0085FBD8 /* CodeRepository.app */ = {isa = PBXFileReference; explicitFileType = wrapper.application; includeInIndex = 0; path = CodeRepository.app; sourceTree = BUILT_PRODUCTS_DIR; };
		4618FF011FA1D61E0085FBD8 /* AppDelegate.h */ = {isa = PBXFileReference; lastKnownFileType = sourcecode.c.h; path = AppDelegate.h; sourceTree = "<group>"; };
		4618FF021FA1D61E0085FBD8 /* AppDelegate.m */ = {isa = PBXFileReference; lastKnownFileType = sourcecode.c.objc; path = AppDelegate.m; sourceTree = "<group>"; };
		4618FF041FA1D61E0085FBD8 /* ViewController.h */ = {isa = PBXFileReference; lastKnownFileType = sourcecode.c.h; path = ViewController.h; sourceTree = "<group>"; };
		4618FF051FA1D61F0085FBD8 /* ViewController.m */ = {isa = PBXFileReference; lastKnownFileType = sourcecode.c.objc; path = ViewController.m; sourceTree = "<group>"; };
		4618FF0D1FA1D61F0085FBD8 /* Base */ = {isa = PBXFileReference; lastKnownFileType = file.storyboard; name = Base; path = Base.lproj/LaunchScreen.storyboard; sourceTree = "<group>"; };
		4618FF0F1FA1D61F0085FBD8 /* Info.plist */ = {isa = PBXFileReference; lastKnownFileType = text.plist.xml; path = Info.plist; sourceTree = "<group>"; };
		4618FF101FA1D61F0085FBD8 /* main.m */ = {isa = PBXFileReference; lastKnownFileType = sourcecode.c.objc; path = main.m; sourceTree = "<group>"; };
		4618FF261FA1E4060085FBD8 /* Assets.xcassets */ = {isa = PBXFileReference; lastKnownFileType = folder.assetcatalog; path = Assets.xcassets; sourceTree = "<group>"; };
		4618FF2B1FA1E4F60085FBD8 /* BaseViewController.h */ = {isa = PBXFileReference; lastKnownFileType = sourcecode.c.h; path = BaseViewController.h; sourceTree = "<group>"; };
		4618FF2C1FA1E4F60085FBD8 /* BaseViewController.m */ = {isa = PBXFileReference; lastKnownFileType = sourcecode.c.objc; path = BaseViewController.m; sourceTree = "<group>"; };
		4618FF2E1FA1E5200085FBD8 /* FuncClassView.h */ = {isa = PBXFileReference; lastKnownFileType = sourcecode.c.h; path = FuncClassView.h; sourceTree = "<group>"; };
		4618FF2F1FA1E5200085FBD8 /* FuncClassView.m */ = {isa = PBXFileReference; lastKnownFileType = sourcecode.c.objc; path = FuncClassView.m; sourceTree = "<group>"; };
		4618FF311FA1E54F0085FBD8 /* PrefixHeader.h */ = {isa = PBXFileReference; lastKnownFileType = sourcecode.c.h; path = PrefixHeader.h; sourceTree = "<group>"; };
		4618FF321FA1E6160085FBD8 /* DefinesConfi.h */ = {isa = PBXFileReference; lastKnownFileType = sourcecode.c.h; path = DefinesConfi.h; sourceTree = "<group>"; };
		4618FF331FA1E6B30085FBD8 /* Consts.h */ = {isa = PBXFileReference; lastKnownFileType = sourcecode.c.h; path = Consts.h; sourceTree = "<group>"; };
		4618FF341FA1E6B30085FBD8 /* Consts.m */ = {isa = PBXFileReference; lastKnownFileType = sourcecode.c.objc; path = Consts.m; sourceTree = "<group>"; };
		4618FF361FA1E8C50085FBD8 /* NetManager.h */ = {isa = PBXFileReference; lastKnownFileType = sourcecode.c.h; path = NetManager.h; sourceTree = "<group>"; };
		4618FF371FA1E8C50085FBD8 /* NetManager.m */ = {isa = PBXFileReference; lastKnownFileType = sourcecode.c.objc; path = NetManager.m; sourceTree = "<group>"; };
		46A6798A1FA2CA4700301590 /* launch.png */ = {isa = PBXFileReference; lastKnownFileType = image.png; path = launch.png; sourceTree = "<group>"; };
		46A6798E1FA2CFD100301590 /* TitleImageButton.h */ = {isa = PBXFileReference; lastKnownFileType = sourcecode.c.h; path = TitleImageButton.h; sourceTree = "<group>"; };
		46A6798F1FA2CFD100301590 /* TitleImageButton.m */ = {isa = PBXFileReference; lastKnownFileType = sourcecode.c.objc; path = TitleImageButton.m; sourceTree = "<group>"; };
		46A679941FA2D0D500301590 /* TouchSizeButton.h */ = {isa = PBXFileReference; lastKnownFileType = sourcecode.c.h; path = TouchSizeButton.h; sourceTree = "<group>"; };
		46A679951FA2D0D500301590 /* TouchSizeButton.m */ = {isa = PBXFileReference; lastKnownFileType = sourcecode.c.objc; path = TouchSizeButton.m; sourceTree = "<group>"; };
		46A679971FA2D2A500301590 /* NSString+ChineseString.m */ = {isa = PBXFileReference; fileEncoding = 4; lastKnownFileType = sourcecode.c.objc; path = "NSString+ChineseString.m"; sourceTree = "<group>"; };
		46A679981FA2D2A500301590 /* UIImage+HKEPCircleImage.m */ = {isa = PBXFileReference; fileEncoding = 4; lastKnownFileType = sourcecode.c.objc; path = "UIImage+HKEPCircleImage.m"; sourceTree = "<group>"; };
		46A679991FA2D2A500301590 /* UIView+HKEPAnimation.m */ = {isa = PBXFileReference; fileEncoding = 4; lastKnownFileType = sourcecode.c.objc; path = "UIView+HKEPAnimation.m"; sourceTree = "<group>"; };
		46A6799A1FA2D2A500301590 /* NSString+ChineseString.h */ = {isa = PBXFileReference; fileEncoding = 4; lastKnownFileType = sourcecode.c.h; path = "NSString+ChineseString.h"; sourceTree = "<group>"; };
		46A6799B1FA2D2A500301590 /* UIImage+HKEPCircleImage.h */ = {isa = PBXFileReference; fileEncoding = 4; lastKnownFileType = sourcecode.c.h; path = "UIImage+HKEPCircleImage.h"; sourceTree = "<group>"; };
		46A6799C1FA2D2A600301590 /* UIView+HKEPAnimation.h */ = {isa = PBXFileReference; fileEncoding = 4; lastKnownFileType = sourcecode.c.h; path = "UIView+HKEPAnimation.h"; sourceTree = "<group>"; };
		46EB098B1FA9C7DF005BDCB6 /* DeviceInfo.h */ = {isa = PBXFileReference; lastKnownFileType = sourcecode.c.h; path = DeviceInfo.h; sourceTree = "<group>"; };
		46EB098C1FA9C7DF005BDCB6 /* DeviceInfo.m */ = {isa = PBXFileReference; lastKnownFileType = sourcecode.c.objc; path = DeviceInfo.m; sourceTree = "<group>"; };
		8B117EAB1FA221F400A192DC /* HomeViewController.h */ = {isa = PBXFileReference; lastKnownFileType = sourcecode.c.h; path = HomeViewController.h; sourceTree = "<group>"; };
		8B117EAC1FA221F400A192DC /* HomeViewController.m */ = {isa = PBXFileReference; lastKnownFileType = sourcecode.c.objc; path = HomeViewController.m; sourceTree = "<group>"; };
		8B117EB01FA222BA00A192DC /* HomeNavigationController.h */ = {isa = PBXFileReference; lastKnownFileType = sourcecode.c.h; path = HomeNavigationController.h; sourceTree = "<group>"; };
		8B117EB11FA222BA00A192DC /* HomeNavigationController.m */ = {isa = PBXFileReference; lastKnownFileType = sourcecode.c.objc; path = HomeNavigationController.m; sourceTree = "<group>"; };
/* End PBXFileReference section */

/* Begin PBXFrameworksBuildPhase section */
		4618FEFB1FA1D61E0085FBD8 /* Frameworks */ = {
			isa = PBXFrameworksBuildPhase;
			buildActionMask = 2147483647;
			files = (
			);
			runOnlyForDeploymentPostprocessing = 0;
		};
/* End PBXFrameworksBuildPhase section */

/* Begin PBXGroup section */
		4618FEF51FA1D61E0085FBD8 = {
			isa = PBXGroup;
			children = (
				4618FF001FA1D61E0085FBD8 /* CodeRepository */,
				4618FEFF1FA1D61E0085FBD8 /* Products */,
			);
			sourceTree = "<group>";
		};
		4618FEFF1FA1D61E0085FBD8 /* Products */ = {
			isa = PBXGroup;
			children = (
				4618FEFE1FA1D61E0085FBD8 /* CodeRepository.app */,
			);
			name = Products;
			sourceTree = "<group>";
		};
		4618FF001FA1D61E0085FBD8 /* CodeRepository */ = {
			isa = PBXGroup;
			children = (
				4618FF291FA1E49E0085FBD8 /* Helper */,
				4618FF281FA1E4140085FBD8 /* Model */,
				4618FF1E1FA1E0B90085FBD8 /* Resources */,
				4618FF191FA1E0850085FBD8 /* LibsManager */,
				4618FF1D1FA1E0850085FBD8 /* Configure */,
				4618FF1B1FA1E0850085FBD8 /* Controller */,
				4618FF1C1FA1E0850085FBD8 /* View */,
				4618FF011FA1D61E0085FBD8 /* AppDelegate.h */,
				4618FF021FA1D61E0085FBD8 /* AppDelegate.m */,
				4618FF041FA1D61E0085FBD8 /* ViewController.h */,
				4618FF051FA1D61F0085FBD8 /* ViewController.m */,
				4618FF0C1FA1D61F0085FBD8 /* LaunchScreen.storyboard */,
				4618FF0F1FA1D61F0085FBD8 /* Info.plist */,
				4618FF101FA1D61F0085FBD8 /* main.m */,
			);
			path = CodeRepository;
			sourceTree = "<group>";
		};
		4618FF191FA1E0850085FBD8 /* LibsManager */ = {
			isa = PBXGroup;
			children = (
				4618FF361FA1E8C50085FBD8 /* NetManager.h */,
				4618FF371FA1E8C50085FBD8 /* NetManager.m */,
			);
			path = LibsManager;
			sourceTree = "<group>";
		};
		4618FF1B1FA1E0850085FBD8 /* Controller */ = {
			isa = PBXGroup;
			children = (
				8B117EAF1FA2228500A192DC /* Navigation */,
				4618FF221FA1E2390085FBD8 /* Public */,
				8B117EAB1FA221F400A192DC /* HomeViewController.h */,
				8B117EAC1FA221F400A192DC /* HomeViewController.m */,
			);
			path = Controller;
			sourceTree = "<group>";
		};
		4618FF1C1FA1E0850085FBD8 /* View */ = {
			isa = PBXGroup;
			children = (
				4618FF231FA1E2430085FBD8 /* Public */,
			);
			path = View;
			sourceTree = "<group>";
		};
		4618FF1D1FA1E0850085FBD8 /* Configure */ = {
			isa = PBXGroup;
			children = (
				4618FF311FA1E54F0085FBD8 /* PrefixHeader.h */,
				4618FF321FA1E6160085FBD8 /* DefinesConfi.h */,
				4618FF331FA1E6B30085FBD8 /* Consts.h */,
				4618FF341FA1E6B30085FBD8 /* Consts.m */,
			);
			path = Configure;
			sourceTree = "<group>";
		};
		4618FF1E1FA1E0B90085FBD8 /* Resources */ = {
			isa = PBXGroup;
			children = (
				8B117EB51FA227C300A192DC /* Images */,
				4618FF261FA1E4060085FBD8 /* Assets.xcassets */,
			);
			path = Resources;
			sourceTree = "<group>";
		};
		4618FF221FA1E2390085FBD8 /* Public */ = {
			isa = PBXGroup;
			children = (
				4618FF2B1FA1E4F60085FBD8 /* BaseViewController.h */,
				4618FF2C1FA1E4F60085FBD8 /* BaseViewController.m */,
			);
			name = Public;
			sourceTree = "<group>";
		};
		4618FF231FA1E2430085FBD8 /* Public */ = {
			isa = PBXGroup;
			children = (
				4618FF2E1FA1E5200085FBD8 /* FuncClassView.h */,
				4618FF2F1FA1E5200085FBD8 /* FuncClassView.m */,
			);
			name = Public;
			sourceTree = "<group>";
		};
		4618FF281FA1E4140085FBD8 /* Model */ = {
			isa = PBXGroup;
			children = (
			);
			path = Model;
			sourceTree = "<group>";
		};
		4618FF291FA1E49E0085FBD8 /* Helper */ = {
			isa = PBXGroup;
			children = (
				46A6798D1FA2CFAD00301590 /* FuncSuper */,
				46A6798C1FA2CF5400301590 /* Category */,
			);
			path = Helper;
			sourceTree = "<group>";
		};
		46A6798C1FA2CF5400301590 /* Category */ = {
			isa = PBXGroup;
			children = (
				46A6799A1FA2D2A500301590 /* NSString+ChineseString.h */,
				46A679971FA2D2A500301590 /* NSString+ChineseString.m */,
				46A6799B1FA2D2A500301590 /* UIImage+HKEPCircleImage.h */,
				46A679981FA2D2A500301590 /* UIImage+HKEPCircleImage.m */,
				46A6799C1FA2D2A600301590 /* UIView+HKEPAnimation.h */,
				46A679991FA2D2A500301590 /* UIView+HKEPAnimation.m */,
				46EB098B1FA9C7DF005BDCB6 /* DeviceInfo.h */,
				46EB098C1FA9C7DF005BDCB6 /* DeviceInfo.m */,
			);
			path = Category;
			sourceTree = "<group>";
		};
		46A6798D1FA2CFAD00301590 /* FuncSuper */ = {
			isa = PBXGroup;
			children = (
				46A6798E1FA2CFD100301590 /* TitleImageButton.h */,
				46A6798F1FA2CFD100301590 /* TitleImageButton.m */,
				46A679941FA2D0D500301590 /* TouchSizeButton.h */,
				46A679951FA2D0D500301590 /* TouchSizeButton.m */,
			);
			path = FuncSuper;
			sourceTree = "<group>";
		};
		8B117EAF1FA2228500A192DC /* Navigation */ = {
			isa = PBXGroup;
			children = (
				8B117EB01FA222BA00A192DC /* HomeNavigationController.h */,
				8B117EB11FA222BA00A192DC /* HomeNavigationController.m */,
			);
			name = Navigation;
			sourceTree = "<group>";
		};
		8B117EB51FA227C300A192DC /* Images */ = {
			isa = PBXGroup;
			children = (
				46A6798A1FA2CA4700301590 /* launch.png */,
			);
			path = Images;
			sourceTree = "<group>";
		};
/* End PBXGroup section */

/* Begin PBXNativeTarget section */
		4618FEFD1FA1D61E0085FBD8 /* CodeRepository */ = {
			isa = PBXNativeTarget;
			buildConfigurationList = 4618FF141FA1D61F0085FBD8 /* Build configuration list for PBXNativeTarget "CodeRepository" */;
			buildPhases = (
				4618FEFA1FA1D61E0085FBD8 /* Sources */,
				4618FEFB1FA1D61E0085FBD8 /* Frameworks */,
				4618FEFC1FA1D61E0085FBD8 /* Resources */,
			);
			buildRules = (
			);
			dependencies = (
			);
			name = CodeRepository;
			productName = CodeRepository;
			productReference = 4618FEFE1FA1D61E0085FBD8 /* CodeRepository.app */;
			productType = "com.apple.product-type.application";
		};
/* End PBXNativeTarget section */

/* Begin PBXProject section */
		4618FEF61FA1D61E0085FBD8 /* Project object */ = {
			isa = PBXProject;
			attributes = {
				LastUpgradeCheck = 0900;
				ORGANIZATIONNAME = GZCP1897;
				TargetAttributes = {
					4618FEFD1FA1D61E0085FBD8 = {
						CreatedOnToolsVersion = 9.0.1;
						ProvisioningStyle = Automatic;
					};
				};
			};
			buildConfigurationList = 4618FEF91FA1D61E0085FBD8 /* Build configuration list for PBXProject "CodeRepository" */;
			compatibilityVersion = "Xcode 8.0";
			developmentRegion = en;
			hasScannedForEncodings = 0;
			knownRegions = (
				en,
				Base,
			);
			mainGroup = 4618FEF51FA1D61E0085FBD8;
			productRefGroup = 4618FEFF1FA1D61E0085FBD8 /* Products */;
			projectDirPath = "";
			projectRoot = "";
			targets = (
				4618FEFD1FA1D61E0085FBD8 /* CodeRepository */,
			);
		};
/* End PBXProject section */

/* Begin PBXResourcesBuildPhase section */
		4618FEFC1FA1D61E0085FBD8 /* Resources */ = {
			isa = PBXResourcesBuildPhase;
			buildActionMask = 2147483647;
			files = (
				46A6798B1FA2CA4700301590 /* launch.png in Resources */,
				4618FF271FA1E4060085FBD8 /* Assets.xcassets in Resources */,
				4618FF0E1FA1D61F0085FBD8 /* LaunchScreen.storyboard in Resources */,
			);
			runOnlyForDeploymentPostprocessing = 0;
		};
/* End PBXResourcesBuildPhase section */

/* Begin PBXSourcesBuildPhase section */
		4618FEFA1FA1D61E0085FBD8 /* Sources */ = {
			isa = PBXSourcesBuildPhase;
			buildActionMask = 2147483647;
			files = (
				4618FF061FA1D61F0085FBD8 /* ViewController.m in Sources */,
				4618FF2D1FA1E4F60085FBD8 /* BaseViewController.m in Sources */,
				46A6799E1FA2D2A600301590 /* UIImage+HKEPCircleImage.m in Sources */,
				4618FF111FA1D61F0085FBD8 /* main.m in Sources */,
				46A679961FA2D0D500301590 /* TouchSizeButton.m in Sources */,
				46A6799D1FA2D2A600301590 /* NSString+ChineseString.m in Sources */,
				4618FF351FA1E6B30085FBD8 /* Consts.m in Sources */,
				46A679901FA2CFD100301590 /* TitleImageButton.m in Sources */,
				4618FF381FA1E8C50085FBD8 /* NetManager.m in Sources */,
				4618FF301FA1E5200085FBD8 /* FuncClassView.m in Sources */,
				4618FF031FA1D61E0085FBD8 /* AppDelegate.m in Sources */,
				46A6799F1FA2D2A600301590 /* UIView+HKEPAnimation.m in Sources */,
				46EB098D1FA9C7DF005BDCB6 /* DeviceInfo.m in Sources */,
				8B117EAD1FA221F400A192DC /* HomeViewController.m in Sources */,
				8B117EB21FA222BA00A192DC /* HomeNavigationController.m in Sources */,
			);
			runOnlyForDeploymentPostprocessing = 0;
		};
/* End PBXSourcesBuildPhase section */

/* Begin PBXVariantGroup section */
		4618FF0C1FA1D61F0085FBD8 /* LaunchScreen.storyboard */ = {
			isa = PBXVariantGroup;
			children = (
				4618FF0D1FA1D61F0085FBD8 /* Base */,
			);
			name = LaunchScreen.storyboard;
			sourceTree = "<group>";
		};
/* End PBXVariantGroup section */

/* Begin XCBuildConfiguration section */
		4618FF121FA1D61F0085FBD8 /* Debug */ = {
			isa = XCBuildConfiguration;
			buildSettings = {
				ALWAYS_SEARCH_USER_PATHS = NO;
				CLANG_ANALYZER_NONNULL = YES;
				CLANG_ANALYZER_NUMBER_OBJECT_CONVERSION = YES_AGGRESSIVE;
				CLANG_CXX_LANGUAGE_STANDARD = "gnu++14";
				CLANG_CXX_LIBRARY = "libc++";
				CLANG_ENABLE_MODULES = YES;
				CLANG_ENABLE_OBJC_ARC = YES;
				CLANG_WARN_BLOCK_CAPTURE_AUTORELEASING = YES;
				CLANG_WARN_BOOL_CONVERSION = YES;
				CLANG_WARN_COMMA = YES;
				CLANG_WARN_CONSTANT_CONVERSION = YES;
				CLANG_WARN_DIRECT_OBJC_ISA_USAGE = YES_ERROR;
				CLANG_WARN_DOCUMENTATION_COMMENTS = YES;
				CLANG_WARN_EMPTY_BODY = YES;
				CLANG_WARN_ENUM_CONVERSION = YES;
				CLANG_WARN_INFINITE_RECURSION = YES;
				CLANG_WARN_INT_CONVERSION = YES;
				CLANG_WARN_NON_LITERAL_NULL_CONVERSION = YES;
				CLANG_WARN_OBJC_LITERAL_CONVERSION = YES;
				CLANG_WARN_OBJC_ROOT_CLASS = YES_ERROR;
				CLANG_WARN_RANGE_LOOP_ANALYSIS = YES;
				CLANG_WARN_STRICT_PROTOTYPES = YES;
				CLANG_WARN_SUSPICIOUS_MOVE = YES;
				CLANG_WARN_UNGUARDED_AVAILABILITY = YES_AGGRESSIVE;
				CLANG_WARN_UNREACHABLE_CODE = YES;
				CLANG_WARN__DUPLICATE_METHOD_MATCH = YES;
				CODE_SIGN_IDENTITY = "iPhone Developer";
				COPY_PHASE_STRIP = NO;
				DEBUG_INFORMATION_FORMAT = dwarf;
				ENABLE_STRICT_OBJC_MSGSEND = YES;
				ENABLE_TESTABILITY = YES;
				GCC_C_LANGUAGE_STANDARD = gnu11;
				GCC_DYNAMIC_NO_PIC = NO;
				GCC_NO_COMMON_BLOCKS = YES;
				GCC_OPTIMIZATION_LEVEL = 0;
				GCC_PREPROCESSOR_DEFINITIONS = (
					"DEBUG=1",
					"$(inherited)",
				);
				GCC_WARN_64_TO_32_BIT_CONVERSION = YES;
				GCC_WARN_ABOUT_RETURN_TYPE = YES_ERROR;
				GCC_WARN_UNDECLARED_SELECTOR = YES;
				GCC_WARN_UNINITIALIZED_AUTOS = YES_AGGRESSIVE;
				GCC_WARN_UNUSED_FUNCTION = YES;
				GCC_WARN_UNUSED_VARIABLE = YES;
				IPHONEOS_DEPLOYMENT_TARGET = 11.0;
				MTL_ENABLE_DEBUG_INFO = YES;
				ONLY_ACTIVE_ARCH = YES;
				SDKROOT = iphoneos;
			};
			name = Debug;
		};
		4618FF131FA1D61F0085FBD8 /* Release */ = {
			isa = XCBuildConfiguration;
			buildSettings = {
				ALWAYS_SEARCH_USER_PATHS = NO;
				CLANG_ANALYZER_NONNULL = YES;
				CLANG_ANALYZER_NUMBER_OBJECT_CONVERSION = YES_AGGRESSIVE;
				CLANG_CXX_LANGUAGE_STANDARD = "gnu++14";
				CLANG_CXX_LIBRARY = "libc++";
				CLANG_ENABLE_MODULES = YES;
				CLANG_ENABLE_OBJC_ARC = YES;
				CLANG_WARN_BLOCK_CAPTURE_AUTORELEASING = YES;
				CLANG_WARN_BOOL_CONVERSION = YES;
				CLANG_WARN_COMMA = YES;
				CLANG_WARN_CONSTANT_CONVERSION = YES;
				CLANG_WARN_DIRECT_OBJC_ISA_USAGE = YES_ERROR;
				CLANG_WARN_DOCUMENTATION_COMMENTS = YES;
				CLANG_WARN_EMPTY_BODY = YES;
				CLANG_WARN_ENUM_CONVERSION = YES;
				CLANG_WARN_INFINITE_RECURSION = YES;
				CLANG_WARN_INT_CONVERSION = YES;
				CLANG_WARN_NON_LITERAL_NULL_CONVERSION = YES;
				CLANG_WARN_OBJC_LITERAL_CONVERSION = YES;
				CLANG_WARN_OBJC_ROOT_CLASS = YES_ERROR;
				CLANG_WARN_RANGE_LOOP_ANALYSIS = YES;
				CLANG_WARN_STRICT_PROTOTYPES = YES;
				CLANG_WARN_SUSPICIOUS_MOVE = YES;
				CLANG_WARN_UNGUARDED_AVAILABILITY = YES_AGGRESSIVE;
				CLANG_WARN_UNREACHABLE_CODE = YES;
				CLANG_WARN__DUPLICATE_METHOD_MATCH = YES;
				CODE_SIGN_IDENTITY = "iPhone Developer";
				COPY_PHASE_STRIP = NO;
				DEBUG_INFORMATION_FORMAT = "dwarf-with-dsym";
				ENABLE_NS_ASSERTIONS = NO;
				ENABLE_STRICT_OBJC_MSGSEND = YES;
				GCC_C_LANGUAGE_STANDARD = gnu11;
				GCC_NO_COMMON_BLOCKS = YES;
				GCC_WARN_64_TO_32_BIT_CONVERSION = YES;
				GCC_WARN_ABOUT_RETURN_TYPE = YES_ERROR;
				GCC_WARN_UNDECLARED_SELECTOR = YES;
				GCC_WARN_UNINITIALIZED_AUTOS = YES_AGGRESSIVE;
				GCC_WARN_UNUSED_FUNCTION = YES;
				GCC_WARN_UNUSED_VARIABLE = YES;
				IPHONEOS_DEPLOYMENT_TARGET = 11.0;
				MTL_ENABLE_DEBUG_INFO = NO;
				SDKROOT = iphoneos;
				VALIDATE_PRODUCT = YES;
			};
			name = Release;
		};
		4618FF151FA1D61F0085FBD8 /* Debug */ = {
			isa = XCBuildConfiguration;
			buildSettings = {
				ASSETCATALOG_COMPILER_APPICON_NAME = AppIcon;
				CODE_SIGN_STYLE = Automatic;
				DEVELOPMENT_TEAM = PV26RH2FGW;
				GCC_PREFIX_HEADER = CodeRepository/Configure/PrefixHeader.h;
				INFOPLIST_FILE = CodeRepository/Info.plist;
				IPHONEOS_DEPLOYMENT_TARGET = 8;
				LD_RUNPATH_SEARCH_PATHS = "$(inherited) @executable_path/Frameworks";
				PRODUCT_BUNDLE_IDENTIFIER = com.hoya.CodeRepository;
				PRODUCT_NAME = "$(TARGET_NAME)";
				TARGETED_DEVICE_FAMILY = "1,2";
			};
			name = Debug;
		};
		4618FF161FA1D61F0085FBD8 /* Release */ = {
			isa = XCBuildConfiguration;
			buildSettings = {
				ASSETCATALOG_COMPILER_APPICON_NAME = AppIcon;
				CODE_SIGN_STYLE = Automatic;
				DEVELOPMENT_TEAM = PV26RH2FGW;
				GCC_PREFIX_HEADER = CodeRepository/Configure/PrefixHeader.h;
				INFOPLIST_FILE = CodeRepository/Info.plist;
				IPHONEOS_DEPLOYMENT_TARGET = 8;
				LD_RUNPATH_SEARCH_PATHS = "$(inherited) @executable_path/Frameworks";
				PRODUCT_BUNDLE_IDENTIFIER = com.hoya.CodeRepository;
				PRODUCT_NAME = "$(TARGET_NAME)";
				TARGETED_DEVICE_FAMILY = "1,2";
			};
			name = Release;
		};
/* End XCBuildConfiguration section */

/* Begin XCConfigurationList section */
		4618FEF91FA1D61E0085FBD8 /* Build configuration list for PBXProject "CodeRepository" */ = {
			isa = XCConfigurationList;
			buildConfigurations = (
				4618FF121FA1D61F0085FBD8 /* Debug */,
				4618FF131FA1D61F0085FBD8 /* Release */,
			);
			defaultConfigurationIsVisible = 0;
			defaultConfigurationName = Release;
		};
		4618FF141FA1D61F0085FBD8 /* Build configuration list for PBXNativeTarget "CodeRepository" */ = {
			isa = XCConfigurationList;
			buildConfigurations = (
				4618FF151FA1D61F0085FBD8 /* Debug */,
				4618FF161FA1D61F0085FBD8 /* Release */,
			);
			defaultConfigurationIsVisible = 0;
			defaultConfigurationName = Release;
		};
/* End XCConfigurationList section */
	};
	rootObject = 4618FEF61FA1D61E0085FBD8 /* Project object */;
}
